
Microsoft Visual Studio Solution File, Format Version 12.00
# Visual Studio 15
VisualStudioVersion = 15.0.28010.2003
MinimumVisualStudioVersion = 10.0.40219.1
Project("{FAE04EC0-301F-11D3-BF4B-00C04F79EFBC}") = "RevitJumperR2018", "RevitJumper\RevitJumperR2018.csproj", "{1E37162E-619F-43C3-B950-158BEA30B2E1}"
EndProject
Global
	GlobalSection(SolutionConfigurationPlatforms) = preSolution
		Debug|Any CPU = Debug|Any CPU
		Release|Any CPU = Release|Any CPU
	EndGlobalSection
	GlobalSection(ProjectConfigurationPlatforms) = postSolution
		{1E37162E-619F-43C3-B950-158BEA30B2E1}.Debug|Any CPU.ActiveCfg = Debug|Any CPU
		{1E37162E-619F-43C3-B950-158BEA30B2E1}.Debug|Any CPU.Build.0 = Debug|Any CPU
		{1E37162E-619F-43C3-B950-158BEA30B2E1}.Release|Any CPU.ActiveCfg = Release|Any CPU
		{1E37162E-619F-43C3-B950-158BEA30B2E1}.Release|Any CPU.Build.0 = Release|Any CPU
	EndGlobalSection
	GlobalSection(SolutionProperties) = preSolution
		HideSolutionNode = FALSE
	EndGlobalSection
	GlobalSection(ExtensibilityGlobals) = postSolution
		SolutionGuid = {5386BB88-9C4E-4081-9795-1AC6363135D7}
	EndGlobalSection
EndGlobal
